
Microsoft Visual Studio Solution File, Format Version 12.00
# Visual Studio Version 17
VisualStudioVersion = 17.6.33829.357
MinimumVisualStudioVersion = 10.0.40219.1
Project("{9A19103F-16F7-4668-BE54-9A1E7A4F7556}") = "ChallengeApp", "ChallengeApp\ChallengeApp.csproj", "{02D62C1A-A651-447E-8B82-38E925EC3A36}"
EndProject
Project("{FAE04EC0-301F-11D3-BF4B-00C04F79EFBC}") = "ChallengeApp.Tests", "ChallengeApp.Tests\ChallengeApp.Tests.csproj", "{E4A9BE96-5CBA-41E1-8251-237FE378CBDD}"
EndProject
Global
	GlobalSection(SolutionConfigurationPlatforms) = preSolution
		Debug|Any CPU = Debug|Any CPU
		Release|Any CPU = Release|Any CPU
	EndGlobalSection
	GlobalSection(ProjectConfigurationPlatforms) = postSolution
		{02D62C1A-A651-447E-8B82-38E925EC3A36}.Debug|Any CPU.ActiveCfg = Debug|Any CPU
		{02D62C1A-A651-447E-8B82-38E925EC3A36}.Debug|Any CPU.Build.0 = Debug|Any CPU
		{02D62C1A-A651-447E-8B82-38E925EC3A36}.Release|Any CPU.ActiveCfg = Release|Any CPU
		{02D62C1A-A651-447E-8B82-38E925EC3A36}.Release|Any CPU.Build.0 = Release|Any CPU
		{E4A9BE96-5CBA-41E1-8251-237FE378CBDD}.Debug|Any CPU.ActiveCfg = Debug|Any CPU
		{E4A9BE96-5CBA-41E1-8251-237FE378CBDD}.Debug|Any CPU.Build.0 = Debug|Any CPU
		{E4A9BE96-5CBA-41E1-8251-237FE378CBDD}.Release|Any CPU.ActiveCfg = Release|Any CPU
		{E4A9BE96-5CBA-41E1-8251-237FE378CBDD}.Release|Any CPU.Build.0 = Release|Any CPU
	EndGlobalSection
	GlobalSection(SolutionProperties) = preSolution
		HideSolutionNode = FALSE
	EndGlobalSection
	GlobalSection(ExtensibilityGlobals) = postSolution
		SolutionGuid = {24828B77-A1F2-45AE-97F1-A56AA085201F}
	EndGlobalSection
EndGlobal
